
Microsoft Visual Studio Solution File, Format Version 12.00
# Visual Studio 2017
Project("{FAE04EC0-301F-11D3-BF4B-00C04F79EFBC}") = "865ab343e779327409dccdd87826d993", "865ab343e779327409dccdd87826d993.csproj", "{FB65C6E6-4E61-A0C3-BA38-731223BF54C8}"
EndProject
Project("{FAE04EC0-301F-11D3-BF4B-00C04F79EFBC}") = "865ab343e779327409dccdd87826d993.Editor", "865ab343e779327409dccdd87826d993.Editor.csproj", "{A206E9EC-2FA3-9BFA-28A7-AF952A27E1AD}"
EndProject
Global
	GlobalSection(SolutionConfigurationPlatforms) = preSolution
		Debug|Any CPU = Debug|Any CPU
		Release|Any CPU = Release|Any CPU
	EndGlobalSection
	GlobalSection(ProjectConfigurationPlatforms) = postSolution
		{FB65C6E6-4E61-A0C3-BA38-731223BF54C8}.Debug|Any CPU.ActiveCfg = Debug|Any CPU
		{FB65C6E6-4E61-A0C3-BA38-731223BF54C8}.Debug|Any CPU.Build.0 = Debug|Any CPU
		{FB65C6E6-4E61-A0C3-BA38-731223BF54C8}.Release|Any CPU.ActiveCfg = Release|Any CPU
		{FB65C6E6-4E61-A0C3-BA38-731223BF54C8}.Release|Any CPU.Build.0 = Release|Any CPU
		{A206E9EC-2FA3-9BFA-28A7-AF952A27E1AD}.Debug|Any CPU.ActiveCfg = Debug|Any CPU
		{A206E9EC-2FA3-9BFA-28A7-AF952A27E1AD}.Debug|Any CPU.Build.0 = Debug|Any CPU
		{A206E9EC-2FA3-9BFA-28A7-AF952A27E1AD}.Release|Any CPU.ActiveCfg = Release|Any CPU
		{A206E9EC-2FA3-9BFA-28A7-AF952A27E1AD}.Release|Any CPU.Build.0 = Release|Any CPU
	EndGlobalSection
	GlobalSection(SolutionProperties) = preSolution
		HideSolutionNode = FALSE
	EndGlobalSection
EndGlobal
